// !$*UTF8*$!
{
	archiveVersion = 1;
	classes = {
	};
	objectVersion = 46;
	objects = {

/* Begin PBXBuildFile section */
		28B461171C4B3D58006BBCEC /* RNFlurry.h in CopyFiles */ = {isa = PBXBuildFile; fileRef = 28B461161C4B3D58006BBCEC /* RNFlurry.h */; };
		28B461191C4B3D58006BBCEC /* RNFlurry.m in Sources */ = {isa = PBXBuildFile; fileRef = 28B461181C4B3D58006BBCEC /* RNFlurry.m */; };
/* End PBXBuildFile section */

/* Begin PBXCopyFilesBuildPhase section */
		28B461111C4B3D58006BBCEC /* CopyFiles */ = {
			isa = PBXCopyFilesBuildPhase;
			buildActionMask = 2147483647;
			dstPath = "include/$(PRODUCT_NAME)";
			dstSubfolderSpec = 16;
			files = (
				28B461171C4B3D58006BBCEC /* RNFlurry.h in CopyFiles */,
			);
			runOnlyForDeploymentPostprocessing = 0;
		};
/* End PBXCopyFilesBuildPhase section */

/* Begin PBXFileReference section */
		28B461131C4B3D58006BBCEC /* libRNFlurry.a */ = {isa = PBXFileReference; explicitFileType = archive.ar; includeInIndex = 0; path = libRNFlurry.a; sourceTree = BUILT_PRODUCTS_DIR; };
		28B461161C4B3D58006BBCEC /* RNFlurry.h */ = {isa = PBXFileReference; lastKnownFileType = sourcecode.c.h; path = RNFlurry.h; sourceTree = "<group>"; };
		28B461181C4B3D58006BBCEC /* RNFlurry.m */ = {isa = PBXFileReference; lastKnownFileType = sourcecode.c.objc; path = RNFlurry.m; sourceTree = "<group>"; };
/* End PBXFileReference section */

/* Begin PBXFrameworksBuildPhase section */
		28B461101C4B3D58006BBCEC /* Frameworks */ = {
			isa = PBXFrameworksBuildPhase;
			buildActionMask = 2147483647;
			files = (
			);
			runOnlyForDeploymentPostprocessing = 0;
		};
/* End PBXFrameworksBuildPhase section */

/* Begin PBXGroup section */
		28B4610A1C4B3D58006BBCEC = {
			isa = PBXGroup;
			children = (
				28B461151C4B3D58006BBCEC /* RNFlurry */,
				28B461141C4B3D58006BBCEC /* Products */,
			);
			sourceTree = "<group>";
		};
		28B461141C4B3D58006BBCEC /* Products */ = {
			isa = PBXGroup;
			children = (
				28B461131C4B3D58006BBCEC /* libRNFlurry.a */,
			);
			name = Products;
			sourceTree = "<group>";
		};
		28B461151C4B3D58006BBCEC /* RNFlurry */ = {
			isa = PBXGroup;
			children = (
				28B461161C4B3D58006BBCEC /* RNFlurry.h */,
				28B461181C4B3D58006BBCEC /* RNFlurry.m */,
			);
			path = RNFlurry;
			sourceTree = "<group>";
		};
/* End PBXGroup section */

/* Begin PBXNativeTarget section */
		28B461121C4B3D58006BBCEC /* RNFlurry */ = {
			isa = PBXNativeTarget;
			buildConfigurationList = 28B4611C1C4B3D58006BBCEC /* Build configuration list for PBXNativeTarget "RNFlurry" */;
			buildPhases = (
				28B4610F1C4B3D58006BBCEC /* Sources */,
				28B461101C4B3D58006BBCEC /* Frameworks */,
				28B461111C4B3D58006BBCEC /* CopyFiles */,
			);
			buildRules = (
			);
			dependencies = (
			);
			name = RNFlurry;
			productName = RNFlurry;
			productReference = 28B461131C4B3D58006BBCEC /* libRNFlurry.a */;
			productType = "com.apple.product-type.library.static";
		};
/* End PBXNativeTarget section */

/* Begin PBXProject section */
		28B4610B1C4B3D58006BBCEC /* Project object */ = {
			isa = PBXProject;
			attributes = {
				LastUpgradeCheck = 0720;
				ORGANIZATIONNAME = "Amit Kothari";
				TargetAttributes = {
					28B461121C4B3D58006BBCEC = {
						CreatedOnToolsVersion = 7.2;
					};
				};
			};
			buildConfigurationList = 28B4610E1C4B3D58006BBCEC /* Build configuration list for PBXProject "RNFlurry" */;
			compatibilityVersion = "Xcode 3.2";
			developmentRegion = English;
			hasScannedForEncodings = 0;
			knownRegions = (
				en,
			);
			mainGroup = 28B4610A1C4B3D58006BBCEC;
			productRefGroup = 28B461141C4B3D58006BBCEC /* Products */;
			projectDirPath = "";
			projectRoot = "";
			targets = (
				28B461121C4B3D58006BBCEC /* RNFlurry */,
			);
		};
/* End PBXProject section */

/* Begin PBXSourcesBuildPhase section */
		28B4610F1C4B3D58006BBCEC /* Sources */ = {
			isa = PBXSourcesBuildPhase;
			buildActionMask = 2147483647;
			files = (
				28B461191C4B3D58006BBCEC /* RNFlurry.m in Sources */,
			);
			runOnlyForDeploymentPostprocessing = 0;
		};
/* End PBXSourcesBuildPhase section */

/* Begin XCBuildConfiguration section */
		28B4611A1C4B3D58006BBCEC /* Debug */ = {
			isa = XCBuildConfiguration;
			buildSettings = {
				ALWAYS_SEARCH_USER_PATHS = NO;
				CLANG_CXX_LANGUAGE_STANDARD = "gnu++0x";
				CLANG_CXX_LIBRARY = "libc++";
				CLANG_ENABLE_MODULES = YES;
				CLANG_ENABLE_OBJC_ARC = YES;
				CLANG_WARN_BOOL_CONVERSION = YES;
				CLANG_WARN_CONSTANT_CONVERSION = YES;
				CLANG_WARN_DIRECT_OBJC_ISA_USAGE = YES_ERROR;
				CLANG_WARN_EMPTY_BODY = YES;
				CLANG_WARN_ENUM_CONVERSION = YES;
				CLANG_WARN_INT_CONVERSION = YES;
				CLANG_WARN_OBJC_ROOT_CLASS = YES_ERROR;
				CLANG_WARN_UNREACHABLE_CODE = YES;
				CLANG_WARN__DUPLICATE_METHOD_MATCH = YES;
				"CODE_SIGN_IDENTITY[sdk=iphoneos*]" = "iPhone Developer";
				COPY_PHASE_STRIP = NO;
				DEBUG_INFORMATION_FORMAT = dwarf;
				ENABLE_STRICT_OBJC_MSGSEND = YES;
				ENABLE_TESTABILITY = YES;
				GCC_C_LANGUAGE_STANDARD = gnu99;
				GCC_DYNAMIC_NO_PIC = NO;
				GCC_NO_COMMON_BLOCKS = YES;
				GCC_OPTIMIZATION_LEVEL = 0;
				GCC_PREPROCESSOR_DEFINITIONS = (
					"DEBUG=1",
					"$(inherited)",
				);
				GCC_WARN_64_TO_32_BIT_CONVERSION = YES;
				GCC_WARN_ABOUT_RETURN_TYPE = YES_ERROR;
				GCC_WARN_UNDECLARED_SELECTOR = YES;
				GCC_WARN_UNINITIALIZED_AUTOS = YES_AGGRESSIVE;
				GCC_WARN_UNUSED_FUNCTION = YES;
				GCC_WARN_UNUSED_VARIABLE = YES;
				IPHONEOS_DEPLOYMENT_TARGET = 9.2;
				MTL_ENABLE_DEBUG_INFO = YES;
				ONLY_ACTIVE_ARCH = YES;
				SDKROOT = iphoneos;
			};
			name = Debug;
		};
		28B4611B1C4B3D58006BBCEC /* Release */ = {
			isa = XCBuildConfiguration;
			buildSettings = {
				ALWAYS_SEARCH_USER_PATHS = NO;
				CLANG_CXX_LANGUAGE_STANDARD = "gnu++0x";
				CLANG_CXX_LIBRARY = "libc++";
				CLANG_ENABLE_MODULES = YES;
				CLANG_ENABLE_OBJC_ARC = YES;
				CLANG_WARN_BOOL_CONVERSION = YES;
				CLANG_WARN_CONSTANT_CONVERSION = YES;
				CLANG_WARN_DIRECT_OBJC_ISA_USAGE = YES_ERROR;
				CLANG_WARN_EMPTY_BODY = YES;
				CLANG_WARN_ENUM_CONVERSION = YES;
				CLANG_WARN_INT_CONVERSION = YES;
				CLANG_WARN_OBJC_ROOT_CLASS = YES_ERROR;
				CLANG_WARN_UNREACHABLE_CODE = YES;
				CLANG_WARN__DUPLICATE_METHOD_MATCH = YES;
				"CODE_SIGN_IDENTITY[sdk=iphoneos*]" = "iPhone Developer";
				COPY_PHASE_STRIP = NO;
				DEBUG_INFORMATION_FORMAT = "dwarf-with-dsym";
				ENABLE_NS_ASSERTIONS = NO;
				ENABLE_STRICT_OBJC_MSGSEND = YES;
				GCC_C_LANGUAGE_STANDARD = gnu99;
				GCC_NO_COMMON_BLOCKS = YES;
				GCC_WARN_64_TO_32_BIT_CONVERSION = YES;
				GCC_WARN_ABOUT_RETURN_TYPE = YES_ERROR;
				GCC_WARN_UNDECLARED_SELECTOR = YES;
				GCC_WARN_UNINITIALIZED_AUTOS = YES_AGGRESSIVE;
				GCC_WARN_UNUSED_FUNCTION = YES;
				GCC_WARN_UNUSED_VARIABLE = YES;
				IPHONEOS_DEPLOYMENT_TARGET = 9.2;
				MTL_ENABLE_DEBUG_INFO = NO;
				SDKROOT = iphoneos;
				VALIDATE_PRODUCT = YES;
			};
			name = Release;
		};
		28B4611D1C4B3D58006BBCEC /* Debug */ = {
			isa = XCBuildConfiguration;
			buildSettings = {
				HEADER_SEARCH_PATHS = (
					"$(inherited)",
					/Applications/Xcode.app/Contents/Developer/Toolchains/XcodeDefault.xctoolchain/usr/include,
					"$(SRCROOT)/../react-native/React/**",
					"$(SRCROOT)/../../ios/Flurry",
				);
				LIBRARY_SEARCH_PATHS = (
					"$(inherited)",
					"$(PROJECT_DIR)/Flurry",
				);
				OTHER_LDFLAGS = "-ObjC";
				PRODUCT_NAME = "$(TARGET_NAME)";
				SKIP_INSTALL = YES;
			};
			name = Debug;
		};
		28B4611E1C4B3D58006BBCEC /* Release */ = {
			isa = XCBuildConfiguration;
			buildSettings = {
				HEADER_SEARCH_PATHS = (
					"$(inherited)",
					/Applications/Xcode.app/Contents/Developer/Toolchains/XcodeDefault.xctoolchain/usr/include,
					"$(SRCROOT)/../react-native/React/**",
					"$(SRCROOT)/../../ios/Flurry",
				);
				LIBRARY_SEARCH_PATHS = (
					"$(inherited)",
					"$(PROJECT_DIR)/Flurry",
				);
				OTHER_LDFLAGS = "-ObjC";
				PRODUCT_NAME = "$(TARGET_NAME)";
				SKIP_INSTALL = YES;
			};
			name = Release;
		};
/* End XCBuildConfiguration section */

/* Begin XCConfigurationList section */
		28B4610E1C4B3D58006BBCEC /* Build configuration list for PBXProject "RNFlurry" */ = {
			isa = XCConfigurationList;
			buildConfigurations = (
				28B4611A1C4B3D58006BBCEC /* Debug */,
				28B4611B1C4B3D58006BBCEC /* Release */,
			);
			defaultConfigurationIsVisible = 0;
			defaultConfigurationName = Release;
		};
		28B4611C1C4B3D58006BBCEC /* Build configuration list for PBXNativeTarget "RNFlurry" */ = {
			isa = XCConfigurationList;
			buildConfigurations = (
				28B4611D1C4B3D58006BBCEC /* Debug */,
				28B4611E1C4B3D58006BBCEC /* Release */,
			);
			defaultConfigurationIsVisible = 0;
			defaultConfigurationName = Release;
		};
/* End XCConfigurationList section */
	};
	rootObject = 28B4610B1C4B3D58006BBCEC /* Project object */;
}
